// !$*UTF8*$!
{
	archiveVersion = 1;
	classes = {
	};
	objectVersion = 46;
	objects = {

/* Begin PBXBuildFile section */
		60A98C741B773B970014F833 /* main.m in Sources */ = {isa = PBXBuildFile; fileRef = 60A98C731B773B970014F833 /* main.m */; };
		60A98C771B773B970014F833 /* AppDelegate.m in Sources */ = {isa = PBXBuildFile; fileRef = 60A98C761B773B970014F833 /* AppDelegate.m */; };
		60A98C7A1B773B970014F833 /* ViewController.m in Sources */ = {isa = PBXBuildFile; fileRef = 60A98C791B773B970014F833 /* ViewController.m */; };
		60A98C7D1B773B970014F833 /* Main.storyboard in Resources */ = {isa = PBXBuildFile; fileRef = 60A98C7B1B773B970014F833 /* Main.storyboard */; };
		60A98C7F1B773B970014F833 /* Images.xcassets in Resources */ = {isa = PBXBuildFile; fileRef = 60A98C7E1B773B970014F833 /* Images.xcassets */; };
		60A98C821B773B970014F833 /* LaunchScreen.xib in Resources */ = {isa = PBXBuildFile; fileRef = 60A98C801B773B970014F833 /* LaunchScreen.xib */; };
		60A98C8E1B773B970014F833 /* AdditionCalculatorTests.m in Sources */ = {isa = PBXBuildFile; fileRef = 60A98C8D1B773B970014F833 /* AdditionCalculatorTests.m */; };
/* End PBXBuildFile section */

/* Begin PBXContainerItemProxy section */
		60A98C881B773B970014F833 /* PBXContainerItemProxy */ = {
			isa = PBXContainerItemProxy;
			containerPortal = 60A98C661B773B970014F833 /* Project object */;
			proxyType = 1;
			remoteGlobalIDString = 60A98C6D1B773B970014F833;
			remoteInfo = AdditionCalculator;
		};
/* End PBXContainerItemProxy section */

/* Begin PBXFileReference section */
		60A98C6E1B773B970014F833 /* AdditionCalculator.app */ = {isa = PBXFileReference; explicitFileType = wrapper.application; includeInIndex = 0; path = AdditionCalculator.app; sourceTree = BUILT_PRODUCTS_DIR; };
		60A98C721B773B970014F833 /* Info.plist */ = {isa = PBXFileReference; lastKnownFileType = text.plist.xml; path = Info.plist; sourceTree = "<group>"; };
		60A98C731B773B970014F833 /* main.m */ = {isa = PBXFileReference; lastKnownFileType = sourcecode.c.objc; path = main.m; sourceTree = "<group>"; };
		60A98C751B773B970014F833 /* AppDelegate.h */ = {isa = PBXFileReference; lastKnownFileType = sourcecode.c.h; path = AppDelegate.h; sourceTree = "<group>"; };
		60A98C761B773B970014F833 /* AppDelegate.m */ = {isa = PBXFileReference; lastKnownFileType = sourcecode.c.objc; path = AppDelegate.m; sourceTree = "<group>"; };
		60A98C781B773B970014F833 /* ViewController.h */ = {isa = PBXFileReference; lastKnownFileType = sourcecode.c.h; path = ViewController.h; sourceTree = "<group>"; };
		60A98C791B773B970014F833 /* ViewController.m */ = {isa = PBXFileReference; lastKnownFileType = sourcecode.c.objc; path = ViewController.m; sourceTree = "<group>"; };
		60A98C7C1B773B970014F833 /* Base */ = {isa = PBXFileReference; lastKnownFileType = file.storyboard; name = Base; path = Base.lproj/Main.storyboard; sourceTree = "<group>"; };
		60A98C7E1B773B970014F833 /* Images.xcassets */ = {isa = PBXFileReference; lastKnownFileType = folder.assetcatalog; path = Images.xcassets; sourceTree = "<group>"; };
		60A98C811B773B970014F833 /* Base */ = {isa = PBXFileReference; lastKnownFileType = file.xib; name = Base; path = Base.lproj/LaunchScreen.xib; sourceTree = "<group>"; };
		60A98C871B773B970014F833 /* AdditionCalculatorTests.xctest */ = {isa = PBXFileReference; explicitFileType = wrapper.cfbundle; includeInIndex = 0; path = AdditionCalculatorTests.xctest; sourceTree = BUILT_PRODUCTS_DIR; };
		60A98C8C1B773B970014F833 /* Info.plist */ = {isa = PBXFileReference; lastKnownFileType = text.plist.xml; path = Info.plist; sourceTree = "<group>"; };
		60A98C8D1B773B970014F833 /* AdditionCalculatorTests.m */ = {isa = PBXFileReference; lastKnownFileType = sourcecode.c.objc; path = AdditionCalculatorTests.m; sourceTree = "<group>"; };
/* End PBXFileReference section */

/* Begin PBXFrameworksBuildPhase section */
		60A98C6B1B773B970014F833 /* Frameworks */ = {
			isa = PBXFrameworksBuildPhase;
			buildActionMask = 2147483647;
			files = (
			);
			runOnlyForDeploymentPostprocessing = 0;
		};
		60A98C841B773B970014F833 /* Frameworks */ = {
			isa = PBXFrameworksBuildPhase;
			buildActionMask = 2147483647;
			files = (
			);
			runOnlyForDeploymentPostprocessing = 0;
		};
/* End PBXFrameworksBuildPhase section */

/* Begin PBXGroup section */
		60A98C651B773B970014F833 = {
			isa = PBXGroup;
			children = (
				60A98C701B773B970014F833 /* AdditionCalculator */,
				60A98C8A1B773B970014F833 /* AdditionCalculatorTests */,
				60A98C6F1B773B970014F833 /* Products */,
			);
			sourceTree = "<group>";
		};
		60A98C6F1B773B970014F833 /* Products */ = {
			isa = PBXGroup;
			children = (
				60A98C6E1B773B970014F833 /* AdditionCalculator.app */,
				60A98C871B773B970014F833 /* AdditionCalculatorTests.xctest */,
			);
			name = Products;
			sourceTree = "<group>";
		};
		60A98C701B773B970014F833 /* AdditionCalculator */ = {
			isa = PBXGroup;
			children = (
				60A98C751B773B970014F833 /* AppDelegate.h */,
				60A98C761B773B970014F833 /* AppDelegate.m */,
				60A98C781B773B970014F833 /* ViewController.h */,
				60A98C791B773B970014F833 /* ViewController.m */,
				60A98C7B1B773B970014F833 /* Main.storyboard */,
				60A98C7E1B773B970014F833 /* Images.xcassets */,
				60A98C801B773B970014F833 /* LaunchScreen.xib */,
				60A98C711B773B970014F833 /* Supporting Files */,
			);
			path = AdditionCalculator;
			sourceTree = "<group>";
		};
		60A98C711B773B970014F833 /* Supporting Files */ = {
			isa = PBXGroup;
			children = (
				60A98C721B773B970014F833 /* Info.plist */,
				60A98C731B773B970014F833 /* main.m */,
			);
			name = "Supporting Files";
			sourceTree = "<group>";
		};
		60A98C8A1B773B970014F833 /* AdditionCalculatorTests */ = {
			isa = PBXGroup;
			children = (
				60A98C8D1B773B970014F833 /* AdditionCalculatorTests.m */,
				60A98C8B1B773B970014F833 /* Supporting Files */,
			);
			path = AdditionCalculatorTests;
			sourceTree = "<group>";
		};
		60A98C8B1B773B970014F833 /* Supporting Files */ = {
			isa = PBXGroup;
			children = (
				60A98C8C1B773B970014F833 /* Info.plist */,
			);
			name = "Supporting Files";
			sourceTree = "<group>";
		};
/* End PBXGroup section */

/* Begin PBXNativeTarget section */
		60A98C6D1B773B970014F833 /* AdditionCalculator */ = {
			isa = PBXNativeTarget;
			buildConfigurationList = 60A98C911B773B970014F833 /* Build configuration list for PBXNativeTarget "AdditionCalculator" */;
			buildPhases = (
				60A98C6A1B773B970014F833 /* Sources */,
				60A98C6B1B773B970014F833 /* Frameworks */,
				60A98C6C1B773B970014F833 /* Resources */,
			);
			buildRules = (
			);
			dependencies = (
			);
			name = AdditionCalculator;
			productName = AdditionCalculator;
			productReference = 60A98C6E1B773B970014F833 /* AdditionCalculator.app */;
			productType = "com.apple.product-type.application";
		};
		60A98C861B773B970014F833 /* AdditionCalculatorTests */ = {
			isa = PBXNativeTarget;
			buildConfigurationList = 60A98C941B773B970014F833 /* Build configuration list for PBXNativeTarget "AdditionCalculatorTests" */;
			buildPhases = (
				60A98C831B773B970014F833 /* Sources */,
				60A98C841B773B970014F833 /* Frameworks */,
				60A98C851B773B970014F833 /* Resources */,
			);
			buildRules = (
			);
			dependencies = (
				60A98C891B773B970014F833 /* PBXTargetDependency */,
			);
			name = AdditionCalculatorTests;
			productName = AdditionCalculatorTests;
			productReference = 60A98C871B773B970014F833 /* AdditionCalculatorTests.xctest */;
			productType = "com.apple.product-type.bundle.unit-test";
		};
/* End PBXNativeTarget section */

/* Begin PBXProject section */
		60A98C661B773B970014F833 /* Project object */ = {
			isa = PBXProject;
			attributes = {
				LastUpgradeCheck = 0640;
				ORGANIZATIONNAME = "mazhi'hua";
				TargetAttributes = {
					60A98C6D1B773B970014F833 = {
						CreatedOnToolsVersion = 6.4;
					};
					60A98C861B773B970014F833 = {
						CreatedOnToolsVersion = 6.4;
						TestTargetID = 60A98C6D1B773B970014F833;
					};
				};
			};
			buildConfigurationList = 60A98C691B773B970014F833 /* Build configuration list for PBXProject "AdditionCalculator" */;
			compatibilityVersion = "Xcode 3.2";
			developmentRegion = English;
			hasScannedForEncodings = 0;
			knownRegions = (
				en,
				Base,
			);
			mainGroup = 60A98C651B773B970014F833;
			productRefGroup = 60A98C6F1B773B970014F833 /* Products */;
			projectDirPath = "";
			projectRoot = "";
			targets = (
				60A98C6D1B773B970014F833 /* AdditionCalculator */,
				60A98C861B773B970014F833 /* AdditionCalculatorTests */,
			);
		};
/* End PBXProject section */

/* Begin PBXResourcesBuildPhase section */
		60A98C6C1B773B970014F833 /* Resources */ = {
			isa = PBXResourcesBuildPhase;
			buildActionMask = 2147483647;
			files = (
				60A98C7D1B773B970014F833 /* Main.storyboard in Resources */,
				60A98C821B773B970014F833 /* LaunchScreen.xib in Resources */,
				60A98C7F1B773B970014F833 /* Images.xcassets in Resources */,
			);
			runOnlyForDeploymentPostprocessing = 0;
		};
		60A98C851B773B970014F833 /* Resources */ = {
			isa = PBXResourcesBuildPhase;
			buildActionMask = 2147483647;
			files = (
			);
			runOnlyForDeploymentPostprocessing = 0;
		};
/* End PBXResourcesBuildPhase section */

/* Begin PBXSourcesBuildPhase section */
		60A98C6A1B773B970014F833 /* Sources */ = {
			isa = PBXSourcesBuildPhase;
			buildActionMask = 2147483647;
			files = (
				60A98C7A1B773B970014F833 /* ViewController.m in Sources */,
				60A98C771B773B970014F833 /* AppDelegate.m in Sources */,
				60A98C741B773B970014F833 /* main.m in Sources */,
			);
			runOnlyForDeploymentPostprocessing = 0;
		};
		60A98C831B773B970014F833 /* Sources */ = {
			isa = PBXSourcesBuildPhase;
			buildActionMask = 2147483647;
			files = (
				60A98C8E1B773B970014F833 /* AdditionCalculatorTests.m in Sources */,
			);
			runOnlyForDeploymentPostprocessing = 0;
		};
/* End PBXSourcesBuildPhase section */

/* Begin PBXTargetDependency section */
		60A98C891B773B970014F833 /* PBXTargetDependency */ = {
			isa = PBXTargetDependency;
			target = 60A98C6D1B773B970014F833 /* AdditionCalculator */;
			targetProxy = 60A98C881B773B970014F833 /* PBXContainerItemProxy */;
		};
/* End PBXTargetDependency section */

/* Begin PBXVariantGroup section */
		60A98C7B1B773B970014F833 /* Main.storyboard */ = {
			isa = PBXVariantGroup;
			children = (
				60A98C7C1B773B970014F833 /* Base */,
			);
			name = Main.storyboard;
			sourceTree = "<group>";
		};
		60A98C801B773B970014F833 /* LaunchScreen.xib */ = {
			isa = PBXVariantGroup;
			children = (
				60A98C811B773B970014F833 /* Base */,
			);
			name = LaunchScreen.xib;
			sourceTree = "<group>";
		};
/* End PBXVariantGroup section */

/* Begin XCBuildConfiguration section */
		60A98C8F1B773B970014F833 /* Debug */ = {
			isa = XCBuildConfiguration;
			buildSettings = {
				ALWAYS_SEARCH_USER_PATHS = NO;
				CLANG_CXX_LANGUAGE_STANDARD = "gnu++0x";
				CLANG_CXX_LIBRARY = "libc++";
				CLANG_ENABLE_MODULES = YES;
				CLANG_ENABLE_OBJC_ARC = YES;
				CLANG_WARN_BOOL_CONVERSION = YES;
				CLANG_WARN_CONSTANT_CONVERSION = YES;
				CLANG_WARN_DIRECT_OBJC_ISA_USAGE = YES_ERROR;
				CLANG_WARN_EMPTY_BODY = YES;
				CLANG_WARN_ENUM_CONVERSION = YES;
				CLANG_WARN_INT_CONVERSION = YES;
				CLANG_WARN_OBJC_ROOT_CLASS = YES_ERROR;
				CLANG_WARN_UNREACHABLE_CODE = YES;
				CLANG_WARN__DUPLICATE_METHOD_MATCH = YES;
				"CODE_SIGN_IDENTITY[sdk=iphoneos*]" = "iPhone Developer";
				COPY_PHASE_STRIP = NO;
				DEBUG_INFORMATION_FORMAT = "dwarf-with-dsym";
				ENABLE_STRICT_OBJC_MSGSEND = YES;
				GCC_C_LANGUAGE_STANDARD = gnu99;
				GCC_DYNAMIC_NO_PIC = NO;
				GCC_NO_COMMON_BLOCKS = YES;
				GCC_OPTIMIZATION_LEVEL = 0;
				GCC_PREPROCESSOR_DEFINITIONS = (
					"DEBUG=1",
					"$(inherited)",
				);
				GCC_SYMBOLS_PRIVATE_EXTERN = NO;
				GCC_WARN_64_TO_32_BIT_CONVERSION = YES;
				GCC_WARN_ABOUT_RETURN_TYPE = YES_ERROR;
				GCC_WARN_UNDECLARED_SELECTOR = YES;
				GCC_WARN_UNINITIALIZED_AUTOS = YES_AGGRESSIVE;
				GCC_WARN_UNUSED_FUNCTION = YES;
				GCC_WARN_UNUSED_VARIABLE = YES;
				IPHONEOS_DEPLOYMENT_TARGET = 8.4;
				MTL_ENABLE_DEBUG_INFO = YES;
				ONLY_ACTIVE_ARCH = YES;
				SDKROOT = iphoneos;
			};
			name = Debug;
		};
		60A98C901B773B970014F833 /* Release */ = {
			isa = XCBuildConfiguration;
			buildSettings = {
				ALWAYS_SEARCH_USER_PATHS = NO;
				CLANG_CXX_LANGUAGE_STANDARD = "gnu++0x";
				CLANG_CXX_LIBRARY = "libc++";
				CLANG_ENABLE_MODULES = YES;
				CLANG_ENABLE_OBJC_ARC = YES;
				CLANG_WARN_BOOL_CONVERSION = YES;
				CLANG_WARN_CONSTANT_CONVERSION = YES;
				CLANG_WARN_DIRECT_OBJC_ISA_USAGE = YES_ERROR;
				CLANG_WARN_EMPTY_BODY = YES;
				CLANG_WARN_ENUM_CONVERSION = YES;
				CLANG_WARN_INT_CONVERSION = YES;
				CLANG_WARN_OBJC_ROOT_CLASS = YES_ERROR;
				CLANG_WARN_UNREACHABLE_CODE = YES;
				CLANG_WARN__DUPLICATE_METHOD_MATCH = YES;
				"CODE_SIGN_IDENTITY[sdk=iphoneos*]" = "iPhone Developer";
				COPY_PHASE_STRIP = NO;
				DEBUG_INFORMATION_FORMAT = "dwarf-with-dsym";
				ENABLE_NS_ASSERTIONS = NO;
				ENABLE_STRICT_OBJC_MSGSEND = YES;
				GCC_C_LANGUAGE_STANDARD = gnu99;
				GCC_NO_COMMON_BLOCKS = YES;
				GCC_WARN_64_TO_32_BIT_CONVERSION = YES;
				GCC_WARN_ABOUT_RETURN_TYPE = YES_ERROR;
				GCC_WARN_UNDECLARED_SELECTOR = YES;
				GCC_WARN_UNINITIALIZED_AUTOS = YES_AGGRESSIVE;
				GCC_WARN_UNUSED_FUNCTION = YES;
				GCC_WARN_UNUSED_VARIABLE = YES;
				IPHONEOS_DEPLOYMENT_TARGET = 8.4;
				MTL_ENABLE_DEBUG_INFO = NO;
				SDKROOT = iphoneos;
				VALIDATE_PRODUCT = YES;
			};
			name = Release;
		};
		60A98C921B773B970014F833 /* Debug */ = {
			isa = XCBuildConfiguration;
			buildSettings = {
				ASSETCATALOG_COMPILER_APPICON_NAME = AppIcon;
				INFOPLIST_FILE = AdditionCalculator/Info.plist;
				LD_RUNPATH_SEARCH_PATHS = "$(inherited) @executable_path/Frameworks";
				PRODUCT_NAME = "$(TARGET_NAME)";
			};
			name = Debug;
		};
		60A98C931B773B970014F833 /* Release */ = {
			isa = XCBuildConfiguration;
			buildSettings = {
				ASSETCATALOG_COMPILER_APPICON_NAME = AppIcon;
				INFOPLIST_FILE = AdditionCalculator/Info.plist;
				LD_RUNPATH_SEARCH_PATHS = "$(inherited) @executable_path/Frameworks";
				PRODUCT_NAME = "$(TARGET_NAME)";
			};
			name = Release;
		};
		60A98C951B773B970014F833 /* Debug */ = {
			isa = XCBuildConfiguration;
			buildSettings = {
				BUNDLE_LOADER = "$(TEST_HOST)";
				FRAMEWORK_SEARCH_PATHS = (
					"$(SDKROOT)/Developer/Library/Frameworks",
					"$(inherited)",
				);
				GCC_PREPROCESSOR_DEFINITIONS = (
					"DEBUG=1",
					"$(inherited)",
				);
				INFOPLIST_FILE = AdditionCalculatorTests/Info.plist;
				LD_RUNPATH_SEARCH_PATHS = "$(inherited) @executable_path/Frameworks @loader_path/Frameworks";
				PRODUCT_NAME = "$(TARGET_NAME)";
				TEST_HOST = "$(BUILT_PRODUCTS_DIR)/AdditionCalculator.app/AdditionCalculator";
			};
			name = Debug;
		};
		60A98C961B773B970014F833 /* Release */ = {
			isa = XCBuildConfiguration;
			buildSettings = {
				BUNDLE_LOADER = "$(TEST_HOST)";
				FRAMEWORK_SEARCH_PATHS = (
					"$(SDKROOT)/Developer/Library/Frameworks",
					"$(inherited)",
				);
				INFOPLIST_FILE = AdditionCalculatorTests/Info.plist;
				LD_RUNPATH_SEARCH_PATHS = "$(inherited) @executable_path/Frameworks @loader_path/Frameworks";
				PRODUCT_NAME = "$(TARGET_NAME)";
				TEST_HOST = "$(BUILT_PRODUCTS_DIR)/AdditionCalculator.app/AdditionCalculator";
			};
			name = Release;
		};
/* End XCBuildConfiguration section */

/* Begin XCConfigurationList section */
		60A98C691B773B970014F833 /* Build configuration list for PBXProject "AdditionCalculator" */ = {
			isa = XCConfigurationList;
			buildConfigurations = (
				60A98C8F1B773B970014F833 /* Debug */,
				60A98C901B773B970014F833 /* Release */,
			);
			defaultConfigurationIsVisible = 0;
			defaultConfigurationName = Release;
		};
		60A98C911B773B970014F833 /* Build configuration list for PBXNativeTarget "AdditionCalculator" */ = {
			isa = XCConfigurationList;
			buildConfigurations = (
				60A98C921B773B970014F833 /* Debug */,
				60A98C931B773B970014F833 /* Release */,
			);
			defaultConfigurationIsVisible = 0;
		};
		60A98C941B773B970014F833 /* Build configuration list for PBXNativeTarget "AdditionCalculatorTests" */ = {
			isa = XCConfigurationList;
			buildConfigurations = (
				60A98C951B773B970014F833 /* Debug */,
				60A98C961B773B970014F833 /* Release */,
			);
			defaultConfigurationIsVisible = 0;
		};
/* End XCConfigurationList section */
	};
	rootObject = 60A98C661B773B970014F833 /* Project object */;
}
